// !$*UTF8*$!
{
	archiveVersion = 1;
	classes = {
	};
	objectVersion = 46;
	objects = {

/* Begin PBXBuildFile section */
		47B1B8641E68646500973179 /* main.m in Sources */ = {isa = PBXBuildFile; fileRef = 47B1B8631E68646500973179 /* main.m */; };
		47B1B8671E68646500973179 /* AppDelegate.m in Sources */ = {isa = PBXBuildFile; fileRef = 47B1B8661E68646500973179 /* AppDelegate.m */; };
		47B1B86A1E68646500973179 /* ViewController.m in Sources */ = {isa = PBXBuildFile; fileRef = 47B1B8691E68646500973179 /* ViewController.m */; };
		47B1B86D1E68646500973179 /* Main.storyboard in Resources */ = {isa = PBXBuildFile; fileRef = 47B1B86B1E68646500973179 /* Main.storyboard */; };
		47B1B86F1E68646500973179 /* Assets.xcassets in Resources */ = {isa = PBXBuildFile; fileRef = 47B1B86E1E68646500973179 /* Assets.xcassets */; };
		47B1B8721E68646500973179 /* LaunchScreen.storyboard in Resources */ = {isa = PBXBuildFile; fileRef = 47B1B8701E68646500973179 /* LaunchScreen.storyboard */; };
/* End PBXBuildFile section */

/* Begin PBXFileReference section */
		47B1B85F1E68646500973179 /* EGSliderTest.app */ = {isa = PBXFileReference; explicitFileType = wrapper.application; includeInIndex = 0; path = EGSliderTest.app; sourceTree = BUILT_PRODUCTS_DIR; };
		47B1B8631E68646500973179 /* main.m */ = {isa = PBXFileReference; lastKnownFileType = sourcecode.c.objc; path = main.m; sourceTree = "<group>"; };
		47B1B8651E68646500973179 /* AppDelegate.h */ = {isa = PBXFileReference; lastKnownFileType = sourcecode.c.h; path = AppDelegate.h; sourceTree = "<group>"; };
		47B1B8661E68646500973179 /* AppDelegate.m */ = {isa = PBXFileReference; lastKnownFileType = sourcecode.c.objc; path = AppDelegate.m; sourceTree = "<group>"; };
		47B1B8681E68646500973179 /* ViewController.h */ = {isa = PBXFileReference; lastKnownFileType = sourcecode.c.h; path = ViewController.h; sourceTree = "<group>"; };
		47B1B8691E68646500973179 /* ViewController.m */ = {isa = PBXFileReference; lastKnownFileType = sourcecode.c.objc; path = ViewController.m; sourceTree = "<group>"; };
		47B1B86C1E68646500973179 /* Base */ = {isa = PBXFileReference; lastKnownFileType = file.storyboard; name = Base; path = Base.lproj/Main.storyboard; sourceTree = "<group>"; };
		47B1B86E1E68646500973179 /* Assets.xcassets */ = {isa = PBXFileReference; lastKnownFileType = folder.assetcatalog; path = Assets.xcassets; sourceTree = "<group>"; };
		47B1B8711E68646500973179 /* Base */ = {isa = PBXFileReference; lastKnownFileType = file.storyboard; name = Base; path = Base.lproj/LaunchScreen.storyboard; sourceTree = "<group>"; };
		47B1B8731E68646500973179 /* Info.plist */ = {isa = PBXFileReference; lastKnownFileType = text.plist.xml; path = Info.plist; sourceTree = "<group>"; };
/* End PBXFileReference section */

/* Begin PBXFrameworksBuildPhase section */
		47B1B85C1E68646500973179 /* Frameworks */ = {
			isa = PBXFrameworksBuildPhase;
			buildActionMask = 2147483647;
			files = (
			);
			runOnlyForDeploymentPostprocessing = 0;
		};
/* End PBXFrameworksBuildPhase section */

/* Begin PBXGroup section */
		47B1B8561E68646500973179 = {
			isa = PBXGroup;
			children = (
				47B1B8611E68646500973179 /* EGSliderTest */,
				47B1B8601E68646500973179 /* Products */,
			);
			sourceTree = "<group>";
		};
		47B1B8601E68646500973179 /* Products */ = {
			isa = PBXGroup;
			children = (
				47B1B85F1E68646500973179 /* EGSliderTest.app */,
			);
			name = Products;
			sourceTree = "<group>";
		};
		47B1B8611E68646500973179 /* EGSliderTest */ = {
			isa = PBXGroup;
			children = (
				47B1B8651E68646500973179 /* AppDelegate.h */,
				47B1B8661E68646500973179 /* AppDelegate.m */,
				47B1B8681E68646500973179 /* ViewController.h */,
				47B1B8691E68646500973179 /* ViewController.m */,
				47B1B86B1E68646500973179 /* Main.storyboard */,
				47B1B86E1E68646500973179 /* Assets.xcassets */,
				47B1B8701E68646500973179 /* LaunchScreen.storyboard */,
				47B1B8731E68646500973179 /* Info.plist */,
				47B1B8621E68646500973179 /* Supporting Files */,
			);
			path = EGSliderTest;
			sourceTree = "<group>";
		};
		47B1B8621E68646500973179 /* Supporting Files */ = {
			isa = PBXGroup;
			children = (
				47B1B8631E68646500973179 /* main.m */,
			);
			name = "Supporting Files";
			sourceTree = "<group>";
		};
/* End PBXGroup section */

/* Begin PBXNativeTarget section */
		47B1B85E1E68646500973179 /* EGSliderTest */ = {
			isa = PBXNativeTarget;
			buildConfigurationList = 47B1B8761E68646500973179 /* Build configuration list for PBXNativeTarget "EGSliderTest" */;
			buildPhases = (
				47B1B85B1E68646500973179 /* Sources */,
				47B1B85C1E68646500973179 /* Frameworks */,
				47B1B85D1E68646500973179 /* Resources */,
			);
			buildRules = (
			);
			dependencies = (
			);
			name = EGSliderTest;
			productName = EGSliderTest;
			productReference = 47B1B85F1E68646500973179 /* EGSliderTest.app */;
			productType = "com.apple.product-type.application";
		};
/* End PBXNativeTarget section */

/* Begin PBXProject section */
		47B1B8571E68646500973179 /* Project object */ = {
			isa = PBXProject;
			attributes = {
				LastUpgradeCheck = 0820;
				ORGANIZATIONNAME = Dreams;
				TargetAttributes = {
					47B1B85E1E68646500973179 = {
						CreatedOnToolsVersion = 8.2.1;
						ProvisioningStyle = Automatic;
					};
				};
			};
			buildConfigurationList = 47B1B85A1E68646500973179 /* Build configuration list for PBXProject "EGSliderTest" */;
			compatibilityVersion = "Xcode 3.2";
			developmentRegion = English;
			hasScannedForEncodings = 0;
			knownRegions = (
				en,
				Base,
			);
			mainGroup = 47B1B8561E68646500973179;
			productRefGroup = 47B1B8601E68646500973179 /* Products */;
			projectDirPath = "";
			projectRoot = "";
			targets = (
				47B1B85E1E68646500973179 /* EGSliderTest */,
			);
		};
/* End PBXProject section */

/* Begin PBXResourcesBuildPhase section */
		47B1B85D1E68646500973179 /* Resources */ = {
			isa = PBXResourcesBuildPhase;
			buildActionMask = 2147483647;
			files = (
				47B1B8721E68646500973179 /* LaunchScreen.storyboard in Resources */,
				47B1B86F1E68646500973179 /* Assets.xcassets in Resources */,
				47B1B86D1E68646500973179 /* Main.storyboard in Resources */,
			);
			runOnlyForDeploymentPostprocessing = 0;
		};
/* End PBXResourcesBuildPhase section */

/* Begin PBXSourcesBuildPhase section */
		47B1B85B1E68646500973179 /* Sources */ = {
			isa = PBXSourcesBuildPhase;
			buildActionMask = 2147483647;
			files = (
				47B1B86A1E68646500973179 /* ViewController.m in Sources */,
				47B1B8671E68646500973179 /* AppDelegate.m in Sources */,
				47B1B8641E68646500973179 /* main.m in Sources */,
			);
			runOnlyForDeploymentPostprocessing = 0;
		};
/* End PBXSourcesBuildPhase section */

/* Begin PBXVariantGroup section */
		47B1B86B1E68646500973179 /* Main.storyboard */ = {
			isa = PBXVariantGroup;
			children = (
				47B1B86C1E68646500973179 /* Base */,
			);
			name = Main.storyboard;
			sourceTree = "<group>";
		};
		47B1B8701E68646500973179 /* LaunchScreen.storyboard */ = {
			isa = PBXVariantGroup;
			children = (
				47B1B8711E68646500973179 /* Base */,
			);
			name = LaunchScreen.storyboard;
			sourceTree = "<group>";
		};
/* End PBXVariantGroup section */

/* Begin XCBuildConfiguration section */
		47B1B8741E68646500973179 /* Debug */ = {
			isa = XCBuildConfiguration;
			buildSettings = {
				ALWAYS_SEARCH_USER_PATHS = NO;
				CLANG_ANALYZER_NONNULL = YES;
				CLANG_CXX_LANGUAGE_STANDARD = "gnu++0x";
				CLANG_CXX_LIBRARY = "libc++";
				CLANG_ENABLE_MODULES = YES;
				CLANG_ENABLE_OBJC_ARC = YES;
				CLANG_WARN_BOOL_CONVERSION = YES;
				CLANG_WARN_CONSTANT_CONVERSION = YES;
				CLANG_WARN_DIRECT_OBJC_ISA_USAGE = YES_ERROR;
				CLANG_WARN_DOCUMENTATION_COMMENTS = YES;
				CLANG_WARN_EMPTY_BODY = YES;
				CLANG_WARN_ENUM_CONVERSION = YES;
				CLANG_WARN_INFINITE_RECURSION = YES;
				CLANG_WARN_INT_CONVERSION = YES;
				CLANG_WARN_OBJC_ROOT_CLASS = YES_ERROR;
				CLANG_WARN_SUSPICIOUS_MOVE = YES;
				CLANG_WARN_UNREACHABLE_CODE = YES;
				CLANG_WARN__DUPLICATE_METHOD_MATCH = YES;
				"CODE_SIGN_IDENTITY[sdk=iphoneos*]" = "iPhone Developer";
				COPY_PHASE_STRIP = NO;
				DEBUG_INFORMATION_FORMAT = dwarf;
				ENABLE_STRICT_OBJC_MSGSEND = YES;
				ENABLE_TESTABILITY = YES;
				GCC_C_LANGUAGE_STANDARD = gnu99;
				GCC_DYNAMIC_NO_PIC = NO;
				GCC_NO_COMMON_BLOCKS = YES;
				GCC_OPTIMIZATION_LEVEL = 0;
				GCC_PREPROCESSOR_DEFINITIONS = (
					"DEBUG=1",
					"$(inherited)",
				);
				GCC_WARN_64_TO_32_BIT_CONVERSION = YES;
				GCC_WARN_ABOUT_RETURN_TYPE = YES_ERROR;
				GCC_WARN_UNDECLARED_SELECTOR = YES;
				GCC_WARN_UNINITIALIZED_AUTOS = YES_AGGRESSIVE;
				GCC_WARN_UNUSED_FUNCTION = YES;
				GCC_WARN_UNUSED_VARIABLE = YES;
				IPHONEOS_DEPLOYMENT_TARGET = 10.2;
				MTL_ENABLE_DEBUG_INFO = YES;
				ONLY_ACTIVE_ARCH = YES;
				SDKROOT = iphoneos;
			};
			name = Debug;
		};
		47B1B8751E68646500973179 /* Release */ = {
			isa = XCBuildConfiguration;
			buildSettings = {
				ALWAYS_SEARCH_USER_PATHS = NO;
				CLANG_ANALYZER_NONNULL = YES;
				CLANG_CXX_LANGUAGE_STANDARD = "gnu++0x";
				CLANG_CXX_LIBRARY = "libc++";
				CLANG_ENABLE_MODULES = YES;
				CLANG_ENABLE_OBJC_ARC = YES;
				CLANG_WARN_BOOL_CONVERSION = YES;
				CLANG_WARN_CONSTANT_CONVERSION = YES;
				CLANG_WARN_DIRECT_OBJC_ISA_USAGE = YES_ERROR;
				CLANG_WARN_DOCUMENTATION_COMMENTS = YES;
				CLANG_WARN_EMPTY_BODY = YES;
				CLANG_WARN_ENUM_CONVERSION = YES;
				CLANG_WARN_INFINITE_RECURSION = YES;
				CLANG_WARN_INT_CONVERSION = YES;
				CLANG_WARN_OBJC_ROOT_CLASS = YES_ERROR;
				CLANG_WARN_SUSPICIOUS_MOVE = YES;
				CLANG_WARN_UNREACHABLE_CODE = YES;
				CLANG_WARN__DUPLICATE_METHOD_MATCH = YES;
				"CODE_SIGN_IDENTITY[sdk=iphoneos*]" = "iPhone Developer";
				COPY_PHASE_STRIP = NO;
				DEBUG_INFORMATION_FORMAT = "dwarf-with-dsym";
				ENABLE_NS_ASSERTIONS = NO;
				ENABLE_STRICT_OBJC_MSGSEND = YES;
				GCC_C_LANGUAGE_STANDARD = gnu99;
				GCC_NO_COMMON_BLOCKS = YES;
				GCC_WARN_64_TO_32_BIT_CONVERSION = YES;
				GCC_WARN_ABOUT_RETURN_TYPE = YES_ERROR;
				GCC_WARN_UNDECLARED_SELECTOR = YES;
				GCC_WARN_UNINITIALIZED_AUTOS = YES_AGGRESSIVE;
				GCC_WARN_UNUSED_FUNCTION = YES;
				GCC_WARN_UNUSED_VARIABLE = YES;
				IPHONEOS_DEPLOYMENT_TARGET = 10.2;
				MTL_ENABLE_DEBUG_INFO = NO;
				SDKROOT = iphoneos;
				VALIDATE_PRODUCT = YES;
			};
			name = Release;
		};
		47B1B8771E68646500973179 /* Debug */ = {
			isa = XCBuildConfiguration;
			buildSettings = {
				ASSETCATALOG_COMPILER_APPICON_NAME = AppIcon;
				INFOPLIST_FILE = EGSliderTest/Info.plist;
				LD_RUNPATH_SEARCH_PATHS = "$(inherited) @executable_path/Frameworks";
				PRODUCT_BUNDLE_IDENTIFIER = com.dream.EGSliderTest;
				PRODUCT_NAME = "$(TARGET_NAME)";
			};
			name = Debug;
		};
		47B1B8781E68646500973179 /* Release */ = {
			isa = XCBuildConfiguration;
			buildSettings = {
				ASSETCATALOG_COMPILER_APPICON_NAME = AppIcon;
				INFOPLIST_FILE = EGSliderTest/Info.plist;
				LD_RUNPATH_SEARCH_PATHS = "$(inherited) @executable_path/Frameworks";
				PRODUCT_BUNDLE_IDENTIFIER = com.dream.EGSliderTest;
				PRODUCT_NAME = "$(TARGET_NAME)";
			};
			name = Release;
		};
/* End XCBuildConfiguration section */

/* Begin XCConfigurationList section */
		47B1B85A1E68646500973179 /* Build configuration list for PBXProject "EGSliderTest" */ = {
			isa = XCConfigurationList;
			buildConfigurations = (
				47B1B8741E68646500973179 /* Debug */,
				47B1B8751E68646500973179 /* Release */,
			);
			defaultConfigurationIsVisible = 0;
			defaultConfigurationName = Release;
		};
		47B1B8761E68646500973179 /* Build configuration list for PBXNativeTarget "EGSliderTest" */ = {
			isa = XCConfigurationList;
			buildConfigurations = (
				47B1B8771E68646500973179 /* Debug */,
				47B1B8781E68646500973179 /* Release */,
			);
			defaultConfigurationIsVisible = 0;
		};
/* End XCConfigurationList section */
	};
	rootObject = 47B1B8571E68646500973179 /* Project object */;
}
